
Microsoft Visual Studio Solution File, Format Version 12.00
# Visual Studio 15
VisualStudioVersion = 15.0.26124.0
MinimumVisualStudioVersion = 15.0.26124.0
Project("{FAE04EC0-301F-11D3-BF4B-00C04F79EFBC}") = "Sentry.Xamarin.Android", "Sentry.Xamarin.Android\Sentry.Xamarin.Android.csproj", "{06C635C0-D7AA-465C-8A84-FBAABA864081}"
EndProject
Project("{FAE04EC0-301F-11D3-BF4B-00C04F79EFBC}") = "Sentry.Xamarin.Android.Ndk", "Sentry.Xamarin.Android.Ndk\Sentry.Xamarin.Android.Ndk.csproj", "{5B525AE1-D218-4F30-83CE-3566C1058AA7}"
EndProject
Project("{FAE04EC0-301F-11D3-BF4B-00C04F79EFBC}") = "Sentry.Samples.Xamarin.Android", "Sentry.Samples.Xamarin.Android\Sentry.Samples.Xamarin.Android.csproj", "{21897109-B6CD-41D8-BD18-9087F34F8B84}"
EndProject
Global
	GlobalSection(SolutionConfigurationPlatforms) = preSolution
		Debug|Any CPU = Debug|Any CPU
		Debug|x64 = Debug|x64
		Debug|x86 = Debug|x86
		Release|Any CPU = Release|Any CPU
		Release|x64 = Release|x64
		Release|x86 = Release|x86
	EndGlobalSection
	GlobalSection(SolutionProperties) = preSolution
		HideSolutionNode = FALSE
	EndGlobalSection
	GlobalSection(ProjectConfigurationPlatforms) = postSolution
		{06C635C0-D7AA-465C-8A84-FBAABA864081}.Debug|Any CPU.ActiveCfg = Debug|Any CPU
		{06C635C0-D7AA-465C-8A84-FBAABA864081}.Debug|Any CPU.Build.0 = Debug|Any CPU
		{06C635C0-D7AA-465C-8A84-FBAABA864081}.Debug|x64.ActiveCfg = Debug|Any CPU
		{06C635C0-D7AA-465C-8A84-FBAABA864081}.Debug|x64.Build.0 = Debug|Any CPU
		{06C635C0-D7AA-465C-8A84-FBAABA864081}.Debug|x86.ActiveCfg = Debug|Any CPU
		{06C635C0-D7AA-465C-8A84-FBAABA864081}.Debug|x86.Build.0 = Debug|Any CPU
		{06C635C0-D7AA-465C-8A84-FBAABA864081}.Release|Any CPU.ActiveCfg = Release|Any CPU
		{06C635C0-D7AA-465C-8A84-FBAABA864081}.Release|Any CPU.Build.0 = Release|Any CPU
		{06C635C0-D7AA-465C-8A84-FBAABA864081}.Release|x64.ActiveCfg = Release|Any CPU
		{06C635C0-D7AA-465C-8A84-FBAABA864081}.Release|x64.Build.0 = Release|Any CPU
		{06C635C0-D7AA-465C-8A84-FBAABA864081}.Release|x86.ActiveCfg = Release|Any CPU
		{06C635C0-D7AA-465C-8A84-FBAABA864081}.Release|x86.Build.0 = Release|Any CPU
		{5B525AE1-D218-4F30-83CE-3566C1058AA7}.Debug|Any CPU.ActiveCfg = Debug|Any CPU
		{5B525AE1-D218-4F30-83CE-3566C1058AA7}.Debug|Any CPU.Build.0 = Debug|Any CPU
		{5B525AE1-D218-4F30-83CE-3566C1058AA7}.Debug|x64.ActiveCfg = Debug|Any CPU
		{5B525AE1-D218-4F30-83CE-3566C1058AA7}.Debug|x64.Build.0 = Debug|Any CPU
		{5B525AE1-D218-4F30-83CE-3566C1058AA7}.Debug|x86.ActiveCfg = Debug|Any CPU
		{5B525AE1-D218-4F30-83CE-3566C1058AA7}.Debug|x86.Build.0 = Debug|Any CPU
		{5B525AE1-D218-4F30-83CE-3566C1058AA7}.Release|Any CPU.ActiveCfg = Release|Any CPU
		{5B525AE1-D218-4F30-83CE-3566C1058AA7}.Release|Any CPU.Build.0 = Release|Any CPU
		{5B525AE1-D218-4F30-83CE-3566C1058AA7}.Release|x64.ActiveCfg = Release|Any CPU
		{5B525AE1-D218-4F30-83CE-3566C1058AA7}.Release|x64.Build.0 = Release|Any CPU
		{5B525AE1-D218-4F30-83CE-3566C1058AA7}.Release|x86.ActiveCfg = Release|Any CPU
		{5B525AE1-D218-4F30-83CE-3566C1058AA7}.Release|x86.Build.0 = Release|Any CPU
		{21897109-B6CD-41D8-BD18-9087F34F8B84}.Debug|Any CPU.ActiveCfg = Debug|Any CPU
		{21897109-B6CD-41D8-BD18-9087F34F8B84}.Debug|Any CPU.Build.0 = Debug|Any CPU
		{21897109-B6CD-41D8-BD18-9087F34F8B84}.Debug|x64.ActiveCfg = Debug|Any CPU
		{21897109-B6CD-41D8-BD18-9087F34F8B84}.Debug|x64.Build.0 = Debug|Any CPU
		{21897109-B6CD-41D8-BD18-9087F34F8B84}.Debug|x86.ActiveCfg = Debug|Any CPU
		{21897109-B6CD-41D8-BD18-9087F34F8B84}.Debug|x86.Build.0 = Debug|Any CPU
		{21897109-B6CD-41D8-BD18-9087F34F8B84}.Release|Any CPU.ActiveCfg = Release|Any CPU
		{21897109-B6CD-41D8-BD18-9087F34F8B84}.Release|Any CPU.Build.0 = Release|Any CPU
		{21897109-B6CD-41D8-BD18-9087F34F8B84}.Release|x64.ActiveCfg = Release|Any CPU
		{21897109-B6CD-41D8-BD18-9087F34F8B84}.Release|x64.Build.0 = Release|Any CPU
		{21897109-B6CD-41D8-BD18-9087F34F8B84}.Release|x86.ActiveCfg = Release|Any CPU
		{21897109-B6CD-41D8-BD18-9087F34F8B84}.Release|x86.Build.0 = Release|Any CPU
	EndGlobalSection
EndGlobal
