
Microsoft Visual Studio Solution File, Format Version 12.00
# Visual Studio 15
Project("{FAE04EC0-301F-11D3-BF4B-00C04F79EFBC}") = "Sentry.Xamarin.Android", "Sentry.Xamarin.Android\Sentry.Xamarin.Android.csproj", "{1F17C9D5-6FFB-4E74-A953-0F55DF462628}"
EndProject
Project("{FAE04EC0-301F-11D3-BF4B-00C04F79EFBC}") = "Sentry.Samples.Xamarin.Android", "Sentry.Samples.Xamarin.Android\Sentry.Samples.Xamarin.Android.csproj", "{21897109-B6CD-41D8-BD18-9087F34F8B84}"
EndProject
Global
	GlobalSection(SolutionConfigurationPlatforms) = preSolution
		Debug|Any CPU = Debug|Any CPU
		Release|Any CPU = Release|Any CPU
	EndGlobalSection
	GlobalSection(ProjectConfigurationPlatforms) = postSolution
		{1F17C9D5-6FFB-4E74-A953-0F55DF462628}.Debug|Any CPU.ActiveCfg = Debug|Any CPU
		{1F17C9D5-6FFB-4E74-A953-0F55DF462628}.Debug|Any CPU.Build.0 = Debug|Any CPU
		{1F17C9D5-6FFB-4E74-A953-0F55DF462628}.Release|Any CPU.ActiveCfg = Release|Any CPU
		{1F17C9D5-6FFB-4E74-A953-0F55DF462628}.Release|Any CPU.Build.0 = Release|Any CPU
		{21897109-B6CD-41D8-BD18-9087F34F8B84}.Debug|Any CPU.ActiveCfg = Debug|Any CPU
		{21897109-B6CD-41D8-BD18-9087F34F8B84}.Debug|Any CPU.Build.0 = Debug|Any CPU
		{21897109-B6CD-41D8-BD18-9087F34F8B84}.Release|Any CPU.ActiveCfg = Release|Any CPU
		{21897109-B6CD-41D8-BD18-9087F34F8B84}.Release|Any CPU.Build.0 = Release|Any CPU
	EndGlobalSection
EndGlobal
