
Microsoft Visual Studio Solution File, Format Version 12.00
# Visual Studio 15
Project("{FAE04EC0-301F-11D3-BF4B-00C04F79EFBC}") = "Sentry.Xamarin.Android", "Sentry.Xamarin.Android\Sentry.Xamarin.Android.csproj", "{1F17C9D5-6FFB-4E74-A953-0F55DF462628}"
EndProject
Project("{FAE04EC0-301F-11D3-BF4B-00C04F79EFBC}") = "Sentry.Samples.Xamarin.Android", "Sentry.Samples.Xamarin.Android\Sentry.Samples.Xamarin.Android.csproj", "{21897109-B6CD-41D8-BD18-9087F34F8B84}"
EndProject
Project("{FAE04EC0-301F-11D3-BF4B-00C04F79EFBC}") = "Sentry", "..\sentry-dotnet\src\Sentry\Sentry.csproj", "{0CBBC8A7-35A2-4729-B707-87AC25C88086}"
EndProject
Project("{FAE04EC0-301F-11D3-BF4B-00C04F79EFBC}") = "Sentry.Protocol", "..\sentry-dotnet-protocol\src\Sentry.Protocol\Sentry.Protocol.csproj", "{80152D90-996E-4420-AA68-A9018D026D1F}"
EndProject
Project("{FAE04EC0-301F-11D3-BF4B-00C04F79EFBC}") = "Sentry.Xamarin", "Sentry.Xamarin\Sentry.Xamarin.csproj", "{A5329083-A156-47DB-A82E-45FB77372ABA}"
EndProject
Global
	GlobalSection(SolutionConfigurationPlatforms) = preSolution
		Debug|Any CPU = Debug|Any CPU
		Release|Any CPU = Release|Any CPU
	EndGlobalSection
	GlobalSection(ProjectConfigurationPlatforms) = postSolution
		{1F17C9D5-6FFB-4E74-A953-0F55DF462628}.Debug|Any CPU.ActiveCfg = Debug|Any CPU
		{1F17C9D5-6FFB-4E74-A953-0F55DF462628}.Debug|Any CPU.Build.0 = Debug|Any CPU
		{1F17C9D5-6FFB-4E74-A953-0F55DF462628}.Release|Any CPU.ActiveCfg = Release|Any CPU
		{1F17C9D5-6FFB-4E74-A953-0F55DF462628}.Release|Any CPU.Build.0 = Release|Any CPU
		{21897109-B6CD-41D8-BD18-9087F34F8B84}.Debug|Any CPU.ActiveCfg = Debug|Any CPU
		{21897109-B6CD-41D8-BD18-9087F34F8B84}.Debug|Any CPU.Build.0 = Debug|Any CPU
		{21897109-B6CD-41D8-BD18-9087F34F8B84}.Release|Any CPU.ActiveCfg = Release|Any CPU
		{21897109-B6CD-41D8-BD18-9087F34F8B84}.Release|Any CPU.Build.0 = Release|Any CPU
		{0CBBC8A7-35A2-4729-B707-87AC25C88086}.Debug|Any CPU.ActiveCfg = Debug|Any CPU
		{0CBBC8A7-35A2-4729-B707-87AC25C88086}.Debug|Any CPU.Build.0 = Debug|Any CPU
		{0CBBC8A7-35A2-4729-B707-87AC25C88086}.Release|Any CPU.ActiveCfg = Release|Any CPU
		{0CBBC8A7-35A2-4729-B707-87AC25C88086}.Release|Any CPU.Build.0 = Release|Any CPU
		{80152D90-996E-4420-AA68-A9018D026D1F}.Debug|Any CPU.ActiveCfg = Debug|Any CPU
		{80152D90-996E-4420-AA68-A9018D026D1F}.Debug|Any CPU.Build.0 = Debug|Any CPU
		{80152D90-996E-4420-AA68-A9018D026D1F}.Release|Any CPU.ActiveCfg = Release|Any CPU
		{80152D90-996E-4420-AA68-A9018D026D1F}.Release|Any CPU.Build.0 = Release|Any CPU
		{A5329083-A156-47DB-A82E-45FB77372ABA}.Debug|Any CPU.ActiveCfg = Debug|Any CPU
		{A5329083-A156-47DB-A82E-45FB77372ABA}.Debug|Any CPU.Build.0 = Debug|Any CPU
		{A5329083-A156-47DB-A82E-45FB77372ABA}.Release|Any CPU.ActiveCfg = Release|Any CPU
		{A5329083-A156-47DB-A82E-45FB77372ABA}.Release|Any CPU.Build.0 = Release|Any CPU
	EndGlobalSection
EndGlobal
